
Microsoft Visual Studio Solution File, Format Version 12.00
# Visual Studio Version 17
VisualStudioVersion = 17.4.33205.214
MinimumVisualStudioVersion = 10.0.40219.1
Project("{FAE04EC0-301F-11D3-BF4B-00C04F79EFBC}") = "Driver.API", "Driver.API\Driver.API.csproj", "{09641A90-945A-4D31-A19A-BE2011F9D2E1}"
EndProject
Project("{FAE04EC0-301F-11D3-BF4B-00C04F79EFBC}") = "Driver.Domain", "Driver.Domain\Driver.Domain.csproj", "{0BBDF8BB-9047-4CA3-9A0E-D213E384D9A0}"
EndProject
Project("{FAE04EC0-301F-11D3-BF4B-00C04F79EFBC}") = "Driver.Infrastructure", "Driver.Infrastructure\Driver.Infrastructure.csproj", "{0297D64A-9A80-4DA4-9297-98A1CB2FFE40}"
EndProject
Global
	GlobalSection(SolutionConfigurationPlatforms) = preSolution
		Debug|Any CPU = Debug|Any CPU
		Release|Any CPU = Release|Any CPU
	EndGlobalSection
	GlobalSection(ProjectConfigurationPlatforms) = postSolution
		{09641A90-945A-4D31-A19A-BE2011F9D2E1}.Debug|Any CPU.ActiveCfg = Debug|Any CPU
		{09641A90-945A-4D31-A19A-BE2011F9D2E1}.Debug|Any CPU.Build.0 = Debug|Any CPU
		{09641A90-945A-4D31-A19A-BE2011F9D2E1}.Release|Any CPU.ActiveCfg = Release|Any CPU
		{09641A90-945A-4D31-A19A-BE2011F9D2E1}.Release|Any CPU.Build.0 = Release|Any CPU
		{0BBDF8BB-9047-4CA3-9A0E-D213E384D9A0}.Debug|Any CPU.ActiveCfg = Debug|Any CPU
		{0BBDF8BB-9047-4CA3-9A0E-D213E384D9A0}.Debug|Any CPU.Build.0 = Debug|Any CPU
		{0BBDF8BB-9047-4CA3-9A0E-D213E384D9A0}.Release|Any CPU.ActiveCfg = Release|Any CPU
		{0BBDF8BB-9047-4CA3-9A0E-D213E384D9A0}.Release|Any CPU.Build.0 = Release|Any CPU
		{0297D64A-9A80-4DA4-9297-98A1CB2FFE40}.Debug|Any CPU.ActiveCfg = Debug|Any CPU
		{0297D64A-9A80-4DA4-9297-98A1CB2FFE40}.Debug|Any CPU.Build.0 = Debug|Any CPU
		{0297D64A-9A80-4DA4-9297-98A1CB2FFE40}.Release|Any CPU.ActiveCfg = Release|Any CPU
		{0297D64A-9A80-4DA4-9297-98A1CB2FFE40}.Release|Any CPU.Build.0 = Release|Any CPU
	EndGlobalSection
	GlobalSection(SolutionProperties) = preSolution
		HideSolutionNode = FALSE
	EndGlobalSection
	GlobalSection(ExtensibilityGlobals) = postSolution
		SolutionGuid = {C814A306-549B-4D5A-834E-296F2D043C6F}
	EndGlobalSection
EndGlobal
